
Microsoft Visual Studio Solution File, Format Version 12.00
# Visual Studio Version 17
VisualStudioVersion = 17.13.35825.156 d17.13
MinimumVisualStudioVersion = 10.0.40219.1
Project("{FAE04EC0-301F-11D3-BF4B-00C04F79EFBC}") = "Proyecto progra2", "Proyecto progra2.csproj", "{BBA691F9-B986-4354-BED8-5149929AB2E5}"
EndProject
Global
	GlobalSection(SolutionConfigurationPlatforms) = preSolution
		Debug|Any CPU = Debug|Any CPU
		Release|Any CPU = Release|Any CPU
	EndGlobalSection
	GlobalSection(ProjectConfigurationPlatforms) = postSolution
		{BBA691F9-B986-4354-BED8-5149929AB2E5}.Debug|Any CPU.ActiveCfg = Debug|Any CPU
		{BBA691F9-B986-4354-BED8-5149929AB2E5}.Debug|Any CPU.Build.0 = Debug|Any CPU
		{BBA691F9-B986-4354-BED8-5149929AB2E5}.Release|Any CPU.ActiveCfg = Release|Any CPU
		{BBA691F9-B986-4354-BED8-5149929AB2E5}.Release|Any CPU.Build.0 = Release|Any CPU
	EndGlobalSection
	GlobalSection(SolutionProperties) = preSolution
		HideSolutionNode = FALSE
	EndGlobalSection
	GlobalSection(ExtensibilityGlobals) = postSolution
		SolutionGuid = {F8DF9C55-8839-40B8-A3A7-D4993BB8F81F}
	EndGlobalSection
EndGlobal
